github.com/darkoatanasovski/htmltags v1.0.0 h1:EP3O8c3vcEIotu9Dp6lDq8OWor4rYSf4mc/zORJbT5M=
github.com/darkoatanasovski/htmltags v1.0.0/go.mod h1:FKYjT6COoJLfTjWbOcFW21/GCl8rHvgBQNZS2KpfPMU=
github.com/fatih/color v1.6.0/go.mod h1:Zm6kSWBoL9eyXnKyktHP6abPY2pDugNf5KwzbycvMj4=
github.com/google/uuid v1.6.0 h1:NIvaJDMOsjHA8n1jAhLSgzrAzy1Hgr+hNrb57e+94F0=
github.com/google/uuid v1.6.0/go.mod h1:TIyPZe4MgqvfeYDBFedMoGGpEw/LqOeaOT+nhxU+yHo=
github.com/gouniverse/api v1.5.0 h1:3AJecTtHXQ0wToPUlEixUa0waU15/PtUdFMrLB+jveQ=
github.com/gouniverse/api v1.5.0/go.mod h1:u67bggZW1AGuWD268jBRP//POnGDxgyfP8dV8+i5G+c=
github.com/gouniverse/crypto v0.2.0 h1:7ppqn9FrwrlC6nTfgVBnEop5cKBFNEZyP5yXoUH7MZ0=
github.com/gouniverse/crypto v0.2.0/go.mod h1:uWfzSf1dsYyij6yrVTdxuLFfLZIvSJu24+x3sj+DLXU=
github.com/gouniverse/dataobject v0.3.0 h1:4m6zH8q3/Z159MrkX64gZO884SC2RE35FFzM186ohU8=
github.com/gouniverse/dataobject v0.3.0/go.mod h1:kGYa0bv14xCmkTCW2CpF9dIkh+S1N3O04c5eJY1jFqg=
github.com/gouniverse/envenc v0.3.0 h1:6lVBGbl49CbMOjOg9z6yMepJ1ibVME4RnA0vTIbDhNw=
github.com/gouniverse/envenc v0.3.0/go.mod h1:pEP46lMeAbTRW8ArR0b/bkxRC1BPe8A59aNKquPp7OU=
github.com/gouniverse/hb v1.73.3 h1:+jGpTFilQo5PHnpaxewT1nqfOQNfB6aLcZg+oLZ+92M=
github.com/gouniverse/hb v1.73.3/go.mod h1:P5Z2NL+9Aq4049+Y1A9w9mdP0iPuJC3+8HqPrwSdeKk=
github.com/gouniverse/uid v1.5.0 h1:evyGegnY7+KeYirDhJntI9xmODf8jPMQw8DlMpQIPnM=
github.com/gouniverse/uid v1.5.0/go.mod h1:06dzYTyBLOu+iRlKZ8GxzEfgDSLyoZwgKns9Fcvt7G4=
github.com/gouniverse/utils v1.39.2 h1:AmLQ305uaeGv2Iko86G5siWG7FGqdQYcqKUVG+vNXpc=
github.com/gouniverse/utils v1.39.2/go.mod h1:VXfHM3X1gfnOJb53CVpIFdEt/7/AX2+5mbZ5pYL+cC4=
github.com/joho/godotenv v1.5.1 h1:7eLL/+HRGLY0ldzfGMeQkb7vMd0as4CfYvUVzLqw0N0=
github.com/joho/godotenv v1.5.1/go.mod h1:f4LDr5Voq0i2e/R5DDNOoa2zzDfwtkZa6DnEwAbqwq4=
github.com/jordan-wright/email v4.0.1-0.20210109023952-943e75fe5223+incompatible h1:jdpOPRN1zP63Td1hDQbZW73xKmzDvZHzVdNYxhnTMDA=
github.com/jordan-wright/email v4.0.1-0.20210109023952-943e75fe5223+incompatible/go.mod h1:1c7szIrayyPPB/987hsnvNzLushdWf4o/79s3P08L8A=
github.com/logrusorgru/aurora v2.0.3+incompatible h1:tOpm7WcpBTn4fjmVfgpQq0EfczGlG91VSDkswnjF5A8=
github.com/logrusorgru/aurora v2.0.3+incompatible/go.mod h1:7rIyQOR62GCctdiQpZ/zOJlFyk6y+94wXzv6RNZgaR4=
github.com/mattn/go-colorable v0.0.9/go.mod h1:9vuHe8Xs5qXnSaW/c/ABM9alt+Vo+STaOChaDxuIBZU=
github.com/mattn/go-colorable v0.1.13 h1:fFA4WZxdEF4tXPZVKMLwD8oUnCTTo08duU7wxecdEvA=
github.com/mattn/go-colorable v0.1.13/go.mod h1:7S9/ev0klgBDR4GtXTXX8a3vIGJpMovkB8vQcUbaXHg=
github.com/mattn/go-isatty v0.0.3/go.mod h1:M+lRXTBqGeGNdLjl/ufCoiOlB5xdOkqRJdNxMWT7Zi4=
github.com/mattn/go-isatty v0.0.16/go.mod h1:kYGgaQfpe5nmfYZH+SKPsOc2e4SrIfOl2e/yFXSvRLM=
github.com/mattn/go-isatty v0.0.20 h1:xfD0iDuEKnDkl03q4limB+vH+GxLEtL/jb4xVJSWWEY=
github.com/mattn/go-isatty v0.0.20/go.mod h1:W+V8PltTTMOvKvAeJH7IuucS94S2C6jfK/D7dTCTo3Y=
github.com/mingrammer/cfmt v1.1.0 h1:fAALVQC+aa20fCvghuB5W6zBAAsGWKGdcZmexpPrvwo=
github.com/mingrammer/cfmt v1.1.0/go.mod h1:Jqg1Lq43AMo3ggnIEpvIDbca1VSvdHDg0H13eDG+/ys=
github.com/samber/lo v1.39.0 h1:4gTz1wUhNYLhFSKl6O+8peW0v2F4BCY034GRpU9WnuA=
github.com/samber/lo v1.39.0/go.mod h1:+m/ZKRl6ClXCE2Lgf3MsQlWfh4bn1bz6CXEOxnEXnEA=
golang.org/x/crypto v0.25.0 h1:ypSNr+bnYL2YhwoMt2zPxHFmbAN1KZs/njMG3hxUp30=
golang.org/x/crypto v0.25.0/go.mod h1:T+wALwcMOSE0kXgUAnPAHqTLW+XHgcELELW8VaDgm/M=
golang.org/x/exp v0.0.0-20240506185415-9bf2ced13842 h1:vr/HnozRka3pE4EsMEg1lgkXJkTFJCVUX+S/ZT6wYzM=
golang.org/x/exp v0.0.0-20240506185415-9bf2ced13842/go.mod h1:XtvwrStGgqGPLc4cjQfWqZHG1YFdYs6swckp8vpsjnc=
golang.org/x/net v0.27.0 h1:5K3Njcw06/l2y9vpGCSdcxWOYHOUk3dVNGDXN+FvAys=
golang.org/x/net v0.27.0/go.mod h1:dDi0PyhWNoiUOrAS8uXv/vnScO4wnHQO4mj9fn/RytE=
golang.org/x/sys v0.0.0-20180315095008-cc7307a45468/go.mod h1:STP8DvDyc/dI5b8T5hshtkjS+E42TnysNCUPdjciGhY=
golang.org/x/sys v0.0.0-20220811171246-fbc7d0a398ab/go.mod h1:oPkhp1MJrh7nUepCBck5+mAzfO9JrbApNNgaTdGDITg=
golang.org/x/sys v0.6.0/go.mod h1:oPkhp1MJrh7nUepCBck5+mAzfO9JrbApNNgaTdGDITg=
golang.org/x/sys v0.22.0 h1:RI27ohtqKCnwULzJLqkv897zojh5/DwS/ENaMzUOaWI=
golang.org/x/sys v0.22.0/go.mod h1:/VUhepiaJMQUp4+oa/7Zr1D23ma6VTLIYjOOTFZPUcA=
golang.org/x/term v0.22.0 h1:BbsgPEJULsl2fV/AT3v15Mjva5yXKQDyKf+TbDz7QJk=
golang.org/x/term v0.22.0/go.mod h1:F3qCibpT5AMpCRfhfT53vVJwhLtIVHhB9XDjfFvnMI4=
golang.org/x/text v0.16.0 h1:a94ExnEXNtEwYLGJSIUxnWoxoRz/ZcCsV63ROupILh4=
golang.org/x/text v0.16.0/go.mod h1:GhwF1Be+LQoKShO3cGOHzqOgRrGaYc9AvblQOmPVHnI=
