github.com/dracory/hb v1.88.0 h1:PpxQ9IGTy/L8fZ2iQxTUhieB6u16sluuw/TNxYUcHPs=
github.com/dracory/hb v1.88.0/go.mod h1:ixoy4T+Vr3HADrxkt5MhXQnkOWo0NSuN5WYPXfKjZCs=
golang.org/x/net v0.41.0 h1:vBTly1HeNPEn3wtREYfy4GZ/NECgw2Cnl+nK6Nz3uvw=
golang.org/x/net v0.41.0/go.mod h1:B/K4NNqkfmg07DQYrbwvSluqCJOOXwUjeb/5lOisjbA=
